
Microsoft Visual Studio Solution File, Format Version 12.00
# Visual Studio Version 16
VisualStudioVersion = 16.0.31729.503
MinimumVisualStudioVersion = 10.0.40219.1
Project("{9A19103F-16F7-4668-BE54-9A1E7A4F7556}") = "CrimsonCurrency", "CrimsonCurrency\CrimsonCurrency.csproj", "{1C9ED3AE-A48F-4E03-BABA-8F6D3CC2D580}"
EndProject
Project("{9A19103F-16F7-4668-BE54-9A1E7A4F7556}") = "CrimsonCurrencyTests", "CrimsonCurrencyTests\CrimsonCurrencyTests.csproj", "{6F62D85C-4A4A-415A-B2DC-8D03D07472E7}"
EndProject
Project("{9A19103F-16F7-4668-BE54-9A1E7A4F7556}") = "CrimsonCurrency.API", "CrimsonCurrency.API\CrimsonCurrency.API.csproj", "{8AED4CD0-EC0B-47C7-82EE-7FF14B5697C7}"
EndProject
Global
	GlobalSection(SolutionConfigurationPlatforms) = preSolution
		Debug|Any CPU = Debug|Any CPU
		Release|Any CPU = Release|Any CPU
	EndGlobalSection
	GlobalSection(ProjectConfigurationPlatforms) = postSolution
		{1C9ED3AE-A48F-4E03-BABA-8F6D3CC2D580}.Debug|Any CPU.ActiveCfg = Debug|Any CPU
		{1C9ED3AE-A48F-4E03-BABA-8F6D3CC2D580}.Debug|Any CPU.Build.0 = Debug|Any CPU
		{1C9ED3AE-A48F-4E03-BABA-8F6D3CC2D580}.Release|Any CPU.ActiveCfg = Release|Any CPU
		{1C9ED3AE-A48F-4E03-BABA-8F6D3CC2D580}.Release|Any CPU.Build.0 = Release|Any CPU
		{6F62D85C-4A4A-415A-B2DC-8D03D07472E7}.Debug|Any CPU.ActiveCfg = Debug|Any CPU
		{6F62D85C-4A4A-415A-B2DC-8D03D07472E7}.Debug|Any CPU.Build.0 = Debug|Any CPU
		{6F62D85C-4A4A-415A-B2DC-8D03D07472E7}.Release|Any CPU.ActiveCfg = Release|Any CPU
		{6F62D85C-4A4A-415A-B2DC-8D03D07472E7}.Release|Any CPU.Build.0 = Release|Any CPU
		{8AED4CD0-EC0B-47C7-82EE-7FF14B5697C7}.Debug|Any CPU.ActiveCfg = Debug|Any CPU
		{8AED4CD0-EC0B-47C7-82EE-7FF14B5697C7}.Debug|Any CPU.Build.0 = Debug|Any CPU
		{8AED4CD0-EC0B-47C7-82EE-7FF14B5697C7}.Release|Any CPU.ActiveCfg = Release|Any CPU
		{8AED4CD0-EC0B-47C7-82EE-7FF14B5697C7}.Release|Any CPU.Build.0 = Release|Any CPU
	EndGlobalSection
	GlobalSection(SolutionProperties) = preSolution
		HideSolutionNode = FALSE
	EndGlobalSection
	GlobalSection(ExtensibilityGlobals) = postSolution
		SolutionGuid = {7E92FBB1-77D6-4249-A2F0-2D17052E9E77}
	EndGlobalSection
EndGlobal
